{
    "name": "email-service",
    "version": "1.0.0",
    "lockfileVersion": 3,
    "requires": true,
    "packages": {
        "": {
            "name": "email-service",
            "version": "1.0.0",
            "dependencies": {
                "dotenv": "^17.4.2",
                "express": "^5.2.1",
                "ioredis": "^5.11.1",
                "zod": "^4.4.3"
            },
            "devDependencies": {
                "@types/express": "^5.0.6",
                "@types/jest": "^30.0.0",
                "@types/node": "^25.9.1",
                "@types/supertest": "^7.2.0",
                "jest": "^30.4.2",
                "supertest": "^7.2.2",
                "ts-jest": "^29.4.11",
                "tsx": "^4.22.4",
                "typescript": "^6.0.3"
            }
        },
        "../../node_modules/.pnpm/@types+jest@30.0.0/node_modules/@types/jest": {
            "version": "30.0.0",
            "dev": true,
            "license": "MIT",
            "dependencies": {
                "expect": "^30.0.0",
                "pretty-format": "^30.0.0"
            }
        },
        "../../node_modules/.pnpm/@types+node@25.9.1/node_modules/@types/node": {
            "version": "25.9.1",
            "dev": true,
            "license": "MIT",
            "dependencies": {
                "undici-types": ">=7.24.0 <7.24.7"
            }
        },
        "../../node_modules/.pnpm/@types+supertest@7.2.0/node_modules/@types/supertest": {
            "version": "7.2.0",
            "dev": true,
            "license": "MIT",
            "dependencies": {
                "@types/methods": "^1.1.4",
                "@types/superagent": "^8.1.0"
            }
        },
        "../../node_modules/.pnpm/dotenv@17.4.2/node_modules/dotenv": {
            "version": "17.4.2",
            "license": "BSD-2-Clause",
            "devDependencies": {
                "@types/node": "^18.11.3",
                "decache": "^4.6.2",
                "sinon": "^14.0.1",
                "standard": "^17.0.0",
                "standard-version": "^9.5.0",
                "tap": "^19.2.0",
                "typescript": "^4.8.4"
            },
            "engines": {
                "node": ">=12"
            },
            "funding": {
                "url": "https://dotenvx.com"
            }
        },
        "../../node_modules/.pnpm/express@5.2.1/node_modules/express": {
            "version": "5.2.1",
            "license": "MIT",
            "dependencies": {
                "accepts": "^2.0.0",
                "body-parser": "^2.2.1",
                "content-disposition": "^1.0.0",
                "content-type": "^1.0.5",
                "cookie": "^0.7.1",
                "cookie-signature": "^1.2.1",
                "debug": "^4.4.0",
                "depd": "^2.0.0",
                "encodeurl": "^2.0.0",
                "escape-html": "^1.0.3",
                "etag": "^1.8.1",
                "finalhandler": "^2.1.0",
                "fresh": "^2.0.0",
                "http-errors": "^2.0.0",
                "merge-descriptors": "^2.0.0",
                "mime-types": "^3.0.0",
                "on-finished": "^2.4.1",
                "once": "^1.4.0",
                "parseurl": "^1.3.3",
                "proxy-addr": "^2.0.7",
                "qs": "^6.14.0",
                "range-parser": "^1.2.1",
                "router": "^2.2.0",
                "send": "^1.1.0",
                "serve-static": "^2.2.0",
                "statuses": "^2.0.1",
                "type-is": "^2.0.1",
                "vary": "^1.1.2"
            },
            "devDependencies": {
                "after": "0.8.2",
                "connect-redis": "^8.0.1",
                "cookie-parser": "1.4.7",
                "cookie-session": "2.1.1",
                "ejs": "^3.1.10",
                "eslint": "8.47.0",
                "express-session": "^1.18.1",
                "hbs": "4.2.0",
                "marked": "^15.0.3",
                "method-override": "3.0.0",
                "mocha": "^10.7.3",
                "morgan": "1.10.1",
                "nyc": "^17.1.0",
                "pbkdf2-password": "1.2.1",
                "supertest": "^6.3.0",
                "vhost": "~3.0.2"
            },
            "engines": {
                "node": ">= 18"
            },
            "funding": {
                "type": "opencollective",
                "url": "https://opencollective.com/express"
            }
        },
        "../../node_modules/.pnpm/ioredis@5.11.1/node_modules/ioredis": {
            "version": "5.11.1",
            "license": "MIT",
            "dependencies": {
                "@ioredis/commands": "1.10.0",
                "cluster-key-slot": "1.1.1",
                "debug": "4.4.3",
                "denque": "2.1.0",
                "redis-errors": "1.2.0",
                "redis-parser": "3.0.0",
                "standard-as-callback": "2.1.0"
            },
            "devDependencies": {
                "@ioredis/interface-generator": "^1.3.0",
                "@semantic-release/changelog": "^6.0.1",
                "@semantic-release/commit-analyzer": "^9.0.2",
                "@semantic-release/git": "^10.0.1",
                "@types/chai": "^4.3.0",
                "@types/chai-as-promised": "^7.1.5",
                "@types/debug": "^4.1.5",
                "@types/mocha": "^9.1.0",
                "@types/node": "^14.18.12",
                "@types/redis-errors": "^1.2.1",
                "@types/sinon": "^10.0.11",
                "@typescript-eslint/eslint-plugin": "^5.48.1",
                "@typescript-eslint/parser": "^5.48.1",
                "chai": "^4.3.6",
                "chai-as-promised": "^7.1.1",
                "eslint": "^8.31.0",
                "eslint-config-prettier": "^8.6.0",
                "mocha": "^11.7.6",
                "nyc": "^15.1.0",
                "prettier": "^2.6.1",
                "semantic-release": "^19.0.2",
                "server-destroy": "^1.0.1",
                "sinon": "^13.0.1",
                "ts-node": "^10.4.0",
                "tsd": "^0.19.1",
                "typedoc": "^0.22.18",
                "typescript": "^4.6.3",
                "uuid": "^9.0.0"
            },
            "engines": {
                "node": ">=12.22.0"
            },
            "funding": {
                "type": "opencollective",
                "url": "https://opencollective.com/ioredis"
            }
        },
        "../../node_modules/.pnpm/jest@30.4.2_@types+node@25.9.1/node_modules/jest": {
            "version": "30.4.2",
            "dev": true,
            "license": "MIT",
            "dependencies": {
                "@jest/core": "30.4.2",
                "@jest/types": "30.4.1",
                "import-local": "^3.2.0",
                "jest-cli": "30.4.2"
            },
            "bin": {
                "jest": "bin/jest.js"
            },
            "engines": {
                "node": "^18.14.0 || ^20.0.0 || ^22.0.0 || >=24.0.0"
            },
            "peerDependencies": {
                "node-notifier": "^8.0.1 || ^9.0.0 || ^10.0.0"
            },
            "peerDependenciesMeta": {
                "node-notifier": {
                    "optional": true
                }
            }
        },
        "../../node_modules/.pnpm/supertest@7.2.2/node_modules/supertest": {
            "version": "7.2.2",
            "dev": true,
            "license": "MIT",
            "dependencies": {
                "cookie-signature": "^1.2.2",
                "methods": "^1.1.2",
                "superagent": "^10.3.0"
            },
            "devDependencies": {
                "@commitlint/cli": "17",
                "@commitlint/config-conventional": "17",
                "body-parser": "^1.20.3",
                "cookie-parser": "^1.4.7",
                "eslint": "^8.32.0",
                "eslint-config-airbnb-base": "^15.0.0",
                "eslint-plugin-import": "^2.27.5",
                "express": "^4.18.3",
                "mocha": "^10.2.0",
                "nock": "^13.3.8",
                "nyc": "^15.1.0",
                "proxyquire": "^2.1.3",
                "should": "^13.2.3",
                "sinon": "20.0.0"
            },
            "engines": {
                "node": ">=14.18.0"
            }
        },
        "../../node_modules/.pnpm/ts-jest@29.4.11_@babel+core_4592c2d30419426267a201b8aae4e585/node_modules/ts-jest": {
            "version": "29.4.11",
            "dev": true,
            "license": "MIT",
            "dependencies": {
                "bs-logger": "^0.2.6",
                "fast-json-stable-stringify": "^2.1.0",
                "handlebars": "^4.7.9",
                "json5": "^2.2.3",
                "lodash.memoize": "^4.1.2",
                "make-error": "^1.3.6",
                "semver": "^7.8.0",
                "type-fest": "^4.41.0",
                "yargs-parser": "^21.1.1"
            },
            "bin": {
                "ts-jest": "cli.js"
            },
            "devDependencies": {
                "@commitlint/cli": "^19.8.1",
                "@commitlint/config-angular": "^19.8.1",
                "@eslint/compat": "^1.4.1",
                "@eslint/eslintrc": "^3.3.5",
                "@eslint/js": "^9.39.4",
                "@jest/globals": "^30.4.1",
                "@jest/transform": "^30.4.1",
                "@jest/types": "^30.4.1",
                "@types/babel__core": "^7.20.5",
                "@types/fs-extra": "^11.0.4",
                "@types/jest": "^29.5.14",
                "@types/js-yaml": "^4.0.9",
                "@types/lodash.camelcase": "^4.3.9",
                "@types/lodash.memoize": "^4.1.9",
                "@types/lodash.set": "^4.3.9",
                "@types/micromatch": "^4.0.10",
                "@types/node": "20.19.41",
                "@types/semver": "^7.7.1",
                "@types/yargs": "^17.0.35",
                "@types/yargs-parser": "21.0.3",
                "@typescript-eslint/eslint-plugin": "^8.59.3",
                "@typescript-eslint/parser": "^8.59.3",
                "babel-jest": "^30.4.1",
                "conventional-changelog": "^7.2.0",
                "conventional-changelog-angular": "^8.3.1",
                "esbuild": "~0.28.0",
                "eslint": "^9.39.4",
                "eslint-config-prettier": "^10.1.8",
                "eslint-plugin-import": "^2.32.0",
                "eslint-plugin-jest": "^28.14.0",
                "eslint-plugin-jsdoc": "^50.8.0",
                "eslint-plugin-prettier": "^4.2.5",
                "execa": "5.1.1",
                "fast-glob": "^3.3.3",
                "fs-extra": "^11.3.5",
                "globals": "^16.5.0",
                "husky": "^9.1.7",
                "jest": "^30.4.2",
                "js-yaml": "^4.1.1",
                "lint-staged": "^15.5.2",
                "memfs": "^4.57.2",
                "prettier": "^2.8.8",
                "rimraf": "^5.0.10",
                "ts-node": "^10.9.2",
                "typescript": "~5.9.3",
                "typescript-eslint": "^8.59.3"
            },
            "engines": {
                "node": "^14.15.0 || ^16.10.0 || ^18.0.0 || >=20.0.0"
            },
            "peerDependencies": {
                "@babel/core": ">=7.0.0-beta.0 <8",
                "@jest/transform": "^29.0.0 || ^30.0.0",
                "@jest/types": "^29.0.0 || ^30.0.0",
                "babel-jest": "^29.0.0 || ^30.0.0",
                "jest": "^29.0.0 || ^30.0.0",
                "jest-util": "^29.0.0 || ^30.0.0",
                "typescript": ">=4.3 <7"
            },
            "peerDependenciesMeta": {
                "@babel/core": {
                    "optional": true
                },
                "@jest/transform": {
                    "optional": true
                },
                "@jest/types": {
                    "optional": true
                },
                "babel-jest": {
                    "optional": true
                },
                "esbuild": {
                    "optional": true
                },
                "jest-util": {
                    "optional": true
                }
            }
        },
        "../../node_modules/.pnpm/tsx@4.22.4/node_modules/tsx": {
            "version": "4.22.4",
            "dev": true,
            "license": "MIT",
            "dependencies": {
                "esbuild": "~0.28.0"
            },
            "bin": {
                "tsx": "dist/cli.mjs"
            },
            "engines": {
                "node": ">=18.0.0"
            },
            "optionalDependencies": {
                "fsevents": "~2.3.3"
            }
        },
        "../../node_modules/.pnpm/typescript@6.0.3/node_modules/typescript": {
            "version": "6.0.3",
            "dev": true,
            "license": "Apache-2.0",
            "bin": {
                "tsc": "bin/tsc",
                "tsserver": "bin/tsserver"
            },
            "devDependencies": {
                "@dprint/formatter": "^0.4.1",
                "@dprint/typescript": "0.93.4",
                "@esfx/canceltoken": "^1.0.0",
                "@eslint/js": "^10.0.1",
                "@octokit/rest": "^22.0.1",
                "@types/chai": "^4.3.20",
                "@types/minimist": "^1.2.5",
                "@types/mocha": "^10.0.10",
                "@types/ms": "^2.1.0",
                "@types/node": "latest",
                "@types/source-map-support": "^0.5.10",
                "@types/which": "^3.0.4",
                "@typescript-eslint/rule-tester": "^8.56.1",
                "@typescript-eslint/type-utils": "^8.56.1",
                "@typescript-eslint/utils": "^8.56.1",
                "azure-devops-node-api": "^15.1.3",
                "c8": "^10.1.3",
                "chai": "^4.5.0",
                "chokidar": "^4.0.3",
                "diff": "^8.0.3",
                "dprint": "^0.49.1",
                "esbuild": "^0.27.3",
                "eslint": "^10.0.2",
                "eslint-plugin-regexp": "^3.0.0",
                "fast-xml-parser": "^5.4.1",
                "glob": "^10.5.0",
                "globals": "^17.4.0",
                "hereby": "^1.12.0",
                "jsonc-parser": "^3.3.1",
                "knip": "^5.85.0",
                "minimist": "^1.2.8",
                "mocha": "^10.8.2",
                "mocha-fivemat-progress-reporter": "^0.1.0",
                "monocart-coverage-reports": "^2.12.9",
                "ms": "^2.1.3",
                "picocolors": "^1.1.1",
                "playwright": "^1.58.2",
                "source-map-support": "^0.5.21",
                "tslib": "^2.8.1",
                "typescript": "^5.9.3",
                "typescript-eslint": "^8.56.1",
                "which": "^3.0.1"
            },
            "engines": {
                "node": ">=14.17"
            }
        },
        "../../node_modules/.pnpm/zod@4.4.3/node_modules/zod": {
            "version": "4.4.3",
            "license": "MIT",
            "funding": {
                "url": "https://github.com/sponsors/colinhacks"
            }
        },
        "node_modules/@types/body-parser": {
            "version": "1.19.6",
            "resolved": "https://registry.npmjs.org/@types/body-parser/-/body-parser-1.19.6.tgz",
            "integrity": "sha512-HLFeCYgz89uk22N5Qg3dvGvsv46B8GLvKKo1zKG4NybA8U2DiEO3w9lqGg29t/tfLRJpJ6iQxnVw4OnB7MoM9g==",
            "dev": true,
            "license": "MIT",
            "dependencies": {
                "@types/connect": "*",
                "@types/node": "*"
            }
        },
        "node_modules/@types/connect": {
            "version": "3.4.38",
            "resolved": "https://registry.npmjs.org/@types/connect/-/connect-3.4.38.tgz",
            "integrity": "sha512-K6uROf1LD88uDQqJCktA4yzL1YYAK6NgfsI0v/mTgyPKWsX1CnJ0XPSDhViejru1GcRkLWb8RlzFYJRqGUbaug==",
            "dev": true,
            "license": "MIT",
            "dependencies": {
                "@types/node": "*"
            }
        },
        "node_modules/@types/express": {
            "version": "5.0.6",
            "resolved": "https://registry.npmjs.org/@types/express/-/express-5.0.6.tgz",
            "integrity": "sha512-sKYVuV7Sv9fbPIt/442koC7+IIwK5olP1KWeD88e/idgoJqDm3JV/YUiPwkoKK92ylff2MGxSz1CSjsXelx0YA==",
            "dev": true,
            "license": "MIT",
            "dependencies": {
                "@types/body-parser": "*",
                "@types/express-serve-static-core": "^5.0.0",
                "@types/serve-static": "^2"
            }
        },
        "node_modules/@types/express-serve-static-core": {
            "version": "5.1.1",
            "resolved": "https://registry.npmjs.org/@types/express-serve-static-core/-/express-serve-static-core-5.1.1.tgz",
            "integrity": "sha512-v4zIMr/cX7/d2BpAEX3KNKL/JrT1s43s96lLvvdTmza1oEvDudCqK9aF/djc/SWgy8Yh0h30TZx5VpzqFCxk5A==",
            "dev": true,
            "license": "MIT",
            "dependencies": {
                "@types/node": "*",
                "@types/qs": "*",
                "@types/range-parser": "*",
                "@types/send": "*"
            }
        },
        "node_modules/@types/http-errors": {
            "version": "2.0.5",
            "resolved": "https://registry.npmjs.org/@types/http-errors/-/http-errors-2.0.5.tgz",
            "integrity": "sha512-r8Tayk8HJnX0FztbZN7oVqGccWgw98T/0neJphO91KkmOzug1KkofZURD4UaD5uH8AqcFLfdPErnBod0u71/qg==",
            "dev": true,
            "license": "MIT"
        },
        "node_modules/@types/jest": {
            "resolved": "../../node_modules/.pnpm/@types+jest@30.0.0/node_modules/@types/jest",
            "link": true
        },
        "node_modules/@types/node": {
            "resolved": "../../node_modules/.pnpm/@types+node@25.9.1/node_modules/@types/node",
            "link": true
        },
        "node_modules/@types/qs": {
            "version": "6.15.1",
            "resolved": "https://registry.npmjs.org/@types/qs/-/qs-6.15.1.tgz",
            "integrity": "sha512-GZHUBZR9hckSUhrxmp1nG6NwdpM9fCunJwyThLW1X3AyHgd9IlHb6VANpQQqDr2o/qQp6McZ3y/IA2rVzKzSbw==",
            "dev": true,
            "license": "MIT"
        },
        "node_modules/@types/range-parser": {
            "version": "1.2.7",
            "resolved": "https://registry.npmjs.org/@types/range-parser/-/range-parser-1.2.7.tgz",
            "integrity": "sha512-hKormJbkJqzQGhziax5PItDUTMAM9uE2XXQmM37dyd4hVM+5aVl7oVxMVUiVQn2oCQFN/LKCZdvSM0pFRqbSmQ==",
            "dev": true,
            "license": "MIT"
        },
        "node_modules/@types/send": {
            "version": "1.2.1",
            "resolved": "https://registry.npmjs.org/@types/send/-/send-1.2.1.tgz",
            "integrity": "sha512-arsCikDvlU99zl1g69TcAB3mzZPpxgw0UQnaHeC1Nwb015xp8bknZv5rIfri9xTOcMuaVgvabfIRA7PSZVuZIQ==",
            "dev": true,
            "license": "MIT",
            "dependencies": {
                "@types/node": "*"
            }
        },
        "node_modules/@types/serve-static": {
            "version": "2.2.0",
            "resolved": "https://registry.npmjs.org/@types/serve-static/-/serve-static-2.2.0.tgz",
            "integrity": "sha512-8mam4H1NHLtu7nmtalF7eyBH14QyOASmcxHhSfEoRyr0nP/YdoesEtU+uSRvMe96TW/HPTtkoKqQLl53N7UXMQ==",
            "dev": true,
            "license": "MIT",
            "dependencies": {
                "@types/http-errors": "*",
                "@types/node": "*"
            }
        },
        "node_modules/@types/supertest": {
            "resolved": "../../node_modules/.pnpm/@types+supertest@7.2.0/node_modules/@types/supertest",
            "link": true
        },
        "node_modules/dotenv": {
            "resolved": "../../node_modules/.pnpm/dotenv@17.4.2/node_modules/dotenv",
            "link": true
        },
        "node_modules/express": {
            "resolved": "../../node_modules/.pnpm/express@5.2.1/node_modules/express",
            "link": true
        },
        "node_modules/ioredis": {
            "resolved": "../../node_modules/.pnpm/ioredis@5.11.1/node_modules/ioredis",
            "link": true
        },
        "node_modules/jest": {
            "resolved": "../../node_modules/.pnpm/jest@30.4.2_@types+node@25.9.1/node_modules/jest",
            "link": true
        },
        "node_modules/supertest": {
            "resolved": "../../node_modules/.pnpm/supertest@7.2.2/node_modules/supertest",
            "link": true
        },
        "node_modules/ts-jest": {
            "resolved": "../../node_modules/.pnpm/ts-jest@29.4.11_@babel+core_4592c2d30419426267a201b8aae4e585/node_modules/ts-jest",
            "link": true
        },
        "node_modules/tsx": {
            "resolved": "../../node_modules/.pnpm/tsx@4.22.4/node_modules/tsx",
            "link": true
        },
        "node_modules/typescript": {
            "resolved": "../../node_modules/.pnpm/typescript@6.0.3/node_modules/typescript",
            "link": true
        },
        "node_modules/zod": {
            "resolved": "../../node_modules/.pnpm/zod@4.4.3/node_modules/zod",
            "link": true
        }
    }
}
